// !$*UTF8*$!
{
	archiveVersion = 1;
	classes = {
	};
	objectVersion = 46;
	objects = {

/* Begin PBXBuildFile section */
		A6FAE6BA1E767A3500621B83 /* main.m in Sources */ = {isa = PBXBuildFile; fileRef = A6FAE6B91E767A3500621B83 /* main.m */; };
		A6FAE6BD1E767A3500621B83 /* AppDelegate.m in Sources */ = {isa = PBXBuildFile; fileRef = A6FAE6BC1E767A3500621B83 /* AppDelegate.m */; };
		A6FAE6C01E767A3500621B83 /* ViewController.m in Sources */ = {isa = PBXBuildFile; fileRef = A6FAE6BF1E767A3500621B83 /* ViewController.m */; };
		A6FAE6C31E767A3500621B83 /* Main.storyboard in Resources */ = {isa = PBXBuildFile; fileRef = A6FAE6C11E767A3500621B83 /* Main.storyboard */; };
		A6FAE6C51E767A3500621B83 /* Assets.xcassets in Resources */ = {isa = PBXBuildFile; fileRef = A6FAE6C41E767A3500621B83 /* Assets.xcassets */; };
		A6FAE6C81E767A3500621B83 /* LaunchScreen.storyboard in Resources */ = {isa = PBXBuildFile; fileRef = A6FAE6C61E767A3500621B83 /* LaunchScreen.storyboard */; };
/* End PBXBuildFile section */

/* Begin PBXFileReference section */
		A6FAE6B51E767A3500621B83 /* OC_CGContextRef_Demo.app */ = {isa = PBXFileReference; explicitFileType = wrapper.application; includeInIndex = 0; path = OC_CGContextRef_Demo.app; sourceTree = BUILT_PRODUCTS_DIR; };
		A6FAE6B91E767A3500621B83 /* main.m */ = {isa = PBXFileReference; lastKnownFileType = sourcecode.c.objc; path = main.m; sourceTree = "<group>"; };
		A6FAE6BB1E767A3500621B83 /* AppDelegate.h */ = {isa = PBXFileReference; lastKnownFileType = sourcecode.c.h; path = AppDelegate.h; sourceTree = "<group>"; };
		A6FAE6BC1E767A3500621B83 /* AppDelegate.m */ = {isa = PBXFileReference; lastKnownFileType = sourcecode.c.objc; path = AppDelegate.m; sourceTree = "<group>"; };
		A6FAE6BE1E767A3500621B83 /* ViewController.h */ = {isa = PBXFileReference; lastKnownFileType = sourcecode.c.h; path = ViewController.h; sourceTree = "<group>"; };
		A6FAE6BF1E767A3500621B83 /* ViewController.m */ = {isa = PBXFileReference; lastKnownFileType = sourcecode.c.objc; path = ViewController.m; sourceTree = "<group>"; };
		A6FAE6C21E767A3500621B83 /* Base */ = {isa = PBXFileReference; lastKnownFileType = file.storyboard; name = Base; path = Base.lproj/Main.storyboard; sourceTree = "<group>"; };
		A6FAE6C41E767A3500621B83 /* Assets.xcassets */ = {isa = PBXFileReference; lastKnownFileType = folder.assetcatalog; path = Assets.xcassets; sourceTree = "<group>"; };
		A6FAE6C71E767A3500621B83 /* Base */ = {isa = PBXFileReference; lastKnownFileType = file.storyboard; name = Base; path = Base.lproj/LaunchScreen.storyboard; sourceTree = "<group>"; };
		A6FAE6C91E767A3500621B83 /* Info.plist */ = {isa = PBXFileReference; lastKnownFileType = text.plist.xml; path = Info.plist; sourceTree = "<group>"; };
/* End PBXFileReference section */

/* Begin PBXFrameworksBuildPhase section */
		A6FAE6B21E767A3500621B83 /* Frameworks */ = {
			isa = PBXFrameworksBuildPhase;
			buildActionMask = 2147483647;
			files = (
			);
			runOnlyForDeploymentPostprocessing = 0;
		};
/* End PBXFrameworksBuildPhase section */

/* Begin PBXGroup section */
		A6FAE6AC1E767A3500621B83 = {
			isa = PBXGroup;
			children = (
				A6FAE6B71E767A3500621B83 /* OC_CGContextRef_Demo */,
				A6FAE6B61E767A3500621B83 /* Products */,
			);
			sourceTree = "<group>";
		};
		A6FAE6B61E767A3500621B83 /* Products */ = {
			isa = PBXGroup;
			children = (
				A6FAE6B51E767A3500621B83 /* OC_CGContextRef_Demo.app */,
			);
			name = Products;
			sourceTree = "<group>";
		};
		A6FAE6B71E767A3500621B83 /* OC_CGContextRef_Demo */ = {
			isa = PBXGroup;
			children = (
				A6FAE6BB1E767A3500621B83 /* AppDelegate.h */,
				A6FAE6BC1E767A3500621B83 /* AppDelegate.m */,
				A6FAE6BE1E767A3500621B83 /* ViewController.h */,
				A6FAE6BF1E767A3500621B83 /* ViewController.m */,
				A6FAE6C11E767A3500621B83 /* Main.storyboard */,
				A6FAE6C41E767A3500621B83 /* Assets.xcassets */,
				A6FAE6C61E767A3500621B83 /* LaunchScreen.storyboard */,
				A6FAE6C91E767A3500621B83 /* Info.plist */,
				A6FAE6B81E767A3500621B83 /* Supporting Files */,
			);
			path = OC_CGContextRef_Demo;
			sourceTree = "<group>";
		};
		A6FAE6B81E767A3500621B83 /* Supporting Files */ = {
			isa = PBXGroup;
			children = (
				A6FAE6B91E767A3500621B83 /* main.m */,
			);
			name = "Supporting Files";
			sourceTree = "<group>";
		};
/* End PBXGroup section */

/* Begin PBXNativeTarget section */
		A6FAE6B41E767A3500621B83 /* OC_CGContextRef_Demo */ = {
			isa = PBXNativeTarget;
			buildConfigurationList = A6FAE6CC1E767A3500621B83 /* Build configuration list for PBXNativeTarget "OC_CGContextRef_Demo" */;
			buildPhases = (
				A6FAE6B11E767A3500621B83 /* Sources */,
				A6FAE6B21E767A3500621B83 /* Frameworks */,
				A6FAE6B31E767A3500621B83 /* Resources */,
			);
			buildRules = (
			);
			dependencies = (
			);
			name = OC_CGContextRef_Demo;
			productName = OC_CGContextRef_Demo;
			productReference = A6FAE6B51E767A3500621B83 /* OC_CGContextRef_Demo.app */;
			productType = "com.apple.product-type.application";
		};
/* End PBXNativeTarget section */

/* Begin PBXProject section */
		A6FAE6AD1E767A3500621B83 /* Project object */ = {
			isa = PBXProject;
			attributes = {
				LastUpgradeCheck = 0820;
				ORGANIZATIONNAME = "Ashimar ZHENG";
				TargetAttributes = {
					A6FAE6B41E767A3500621B83 = {
						CreatedOnToolsVersion = 8.2.1;
						DevelopmentTeam = Y637SH92KM;
						ProvisioningStyle = Automatic;
					};
				};
			};
			buildConfigurationList = A6FAE6B01E767A3500621B83 /* Build configuration list for PBXProject "OC_CGContextRef_Demo" */;
			compatibilityVersion = "Xcode 3.2";
			developmentRegion = English;
			hasScannedForEncodings = 0;
			knownRegions = (
				en,
				Base,
			);
			mainGroup = A6FAE6AC1E767A3500621B83;
			productRefGroup = A6FAE6B61E767A3500621B83 /* Products */;
			projectDirPath = "";
			projectRoot = "";
			targets = (
				A6FAE6B41E767A3500621B83 /* OC_CGContextRef_Demo */,
			);
		};
/* End PBXProject section */

/* Begin PBXResourcesBuildPhase section */
		A6FAE6B31E767A3500621B83 /* Resources */ = {
			isa = PBXResourcesBuildPhase;
			buildActionMask = 2147483647;
			files = (
				A6FAE6C81E767A3500621B83 /* LaunchScreen.storyboard in Resources */,
				A6FAE6C51E767A3500621B83 /* Assets.xcassets in Resources */,
				A6FAE6C31E767A3500621B83 /* Main.storyboard in Resources */,
			);
			runOnlyForDeploymentPostprocessing = 0;
		};
/* End PBXResourcesBuildPhase section */

/* Begin PBXSourcesBuildPhase section */
		A6FAE6B11E767A3500621B83 /* Sources */ = {
			isa = PBXSourcesBuildPhase;
			buildActionMask = 2147483647;
			files = (
				A6FAE6C01E767A3500621B83 /* ViewController.m in Sources */,
				A6FAE6BD1E767A3500621B83 /* AppDelegate.m in Sources */,
				A6FAE6BA1E767A3500621B83 /* main.m in Sources */,
			);
			runOnlyForDeploymentPostprocessing = 0;
		};
/* End PBXSourcesBuildPhase section */

/* Begin PBXVariantGroup section */
		A6FAE6C11E767A3500621B83 /* Main.storyboard */ = {
			isa = PBXVariantGroup;
			children = (
				A6FAE6C21E767A3500621B83 /* Base */,
			);
			name = Main.storyboard;
			sourceTree = "<group>";
		};
		A6FAE6C61E767A3500621B83 /* LaunchScreen.storyboard */ = {
			isa = PBXVariantGroup;
			children = (
				A6FAE6C71E767A3500621B83 /* Base */,
			);
			name = LaunchScreen.storyboard;
			sourceTree = "<group>";
		};
/* End PBXVariantGroup section */

/* Begin XCBuildConfiguration section */
		A6FAE6CA1E767A3500621B83 /* Debug */ = {
			isa = XCBuildConfiguration;
			buildSettings = {
				ALWAYS_SEARCH_USER_PATHS = NO;
				CLANG_ANALYZER_NONNULL = YES;
				CLANG_CXX_LANGUAGE_STANDARD = "gnu++0x";
				CLANG_CXX_LIBRARY = "libc++";
				CLANG_ENABLE_MODULES = YES;
				CLANG_ENABLE_OBJC_ARC = YES;
				CLANG_WARN_BOOL_CONVERSION = YES;
				CLANG_WARN_CONSTANT_CONVERSION = YES;
				CLANG_WARN_DIRECT_OBJC_ISA_USAGE = YES_ERROR;
				CLANG_WARN_DOCUMENTATION_COMMENTS = YES;
				CLANG_WARN_EMPTY_BODY = YES;
				CLANG_WARN_ENUM_CONVERSION = YES;
				CLANG_WARN_INFINITE_RECURSION = YES;
				CLANG_WARN_INT_CONVERSION = YES;
				CLANG_WARN_OBJC_ROOT_CLASS = YES_ERROR;
				CLANG_WARN_SUSPICIOUS_MOVE = YES;
				CLANG_WARN_UNREACHABLE_CODE = YES;
				CLANG_WARN__DUPLICATE_METHOD_MATCH = YES;
				"CODE_SIGN_IDENTITY[sdk=iphoneos*]" = "iPhone Developer";
				COPY_PHASE_STRIP = NO;
				DEBUG_INFORMATION_FORMAT = dwarf;
				ENABLE_STRICT_OBJC_MSGSEND = YES;
				ENABLE_TESTABILITY = YES;
				GCC_C_LANGUAGE_STANDARD = gnu99;
				GCC_DYNAMIC_NO_PIC = NO;
				GCC_NO_COMMON_BLOCKS = YES;
				GCC_OPTIMIZATION_LEVEL = 0;
				GCC_PREPROCESSOR_DEFINITIONS = (
					"DEBUG=1",
					"$(inherited)",
				);
				GCC_WARN_64_TO_32_BIT_CONVERSION = YES;
				GCC_WARN_ABOUT_RETURN_TYPE = YES_ERROR;
				GCC_WARN_UNDECLARED_SELECTOR = YES;
				GCC_WARN_UNINITIALIZED_AUTOS = YES_AGGRESSIVE;
				GCC_WARN_UNUSED_FUNCTION = YES;
				GCC_WARN_UNUSED_VARIABLE = YES;
				IPHONEOS_DEPLOYMENT_TARGET = 10.2;
				MTL_ENABLE_DEBUG_INFO = YES;
				ONLY_ACTIVE_ARCH = YES;
				SDKROOT = iphoneos;
				TARGETED_DEVICE_FAMILY = "1,2";
			};
			name = Debug;
		};
		A6FAE6CB1E767A3500621B83 /* Release */ = {
			isa = XCBuildConfiguration;
			buildSettings = {
				ALWAYS_SEARCH_USER_PATHS = NO;
				CLANG_ANALYZER_NONNULL = YES;
				CLANG_CXX_LANGUAGE_STANDARD = "gnu++0x";
				CLANG_CXX_LIBRARY = "libc++";
				CLANG_ENABLE_MODULES = YES;
				CLANG_ENABLE_OBJC_ARC = YES;
				CLANG_WARN_BOOL_CONVERSION = YES;
				CLANG_WARN_CONSTANT_CONVERSION = YES;
				CLANG_WARN_DIRECT_OBJC_ISA_USAGE = YES_ERROR;
				CLANG_WARN_DOCUMENTATION_COMMENTS = YES;
				CLANG_WARN_EMPTY_BODY = YES;
				CLANG_WARN_ENUM_CONVERSION = YES;
				CLANG_WARN_INFINITE_RECURSION = YES;
				CLANG_WARN_INT_CONVERSION = YES;
				CLANG_WARN_OBJC_ROOT_CLASS = YES_ERROR;
				CLANG_WARN_SUSPICIOUS_MOVE = YES;
				CLANG_WARN_UNREACHABLE_CODE = YES;
				CLANG_WARN__DUPLICATE_METHOD_MATCH = YES;
				"CODE_SIGN_IDENTITY[sdk=iphoneos*]" = "iPhone Developer";
				COPY_PHASE_STRIP = NO;
				DEBUG_INFORMATION_FORMAT = "dwarf-with-dsym";
				ENABLE_NS_ASSERTIONS = NO;
				ENABLE_STRICT_OBJC_MSGSEND = YES;
				GCC_C_LANGUAGE_STANDARD = gnu99;
				GCC_NO_COMMON_BLOCKS = YES;
				GCC_WARN_64_TO_32_BIT_CONVERSION = YES;
				GCC_WARN_ABOUT_RETURN_TYPE = YES_ERROR;
				GCC_WARN_UNDECLARED_SELECTOR = YES;
				GCC_WARN_UNINITIALIZED_AUTOS = YES_AGGRESSIVE;
				GCC_WARN_UNUSED_FUNCTION = YES;
				GCC_WARN_UNUSED_VARIABLE = YES;
				IPHONEOS_DEPLOYMENT_TARGET = 10.2;
				MTL_ENABLE_DEBUG_INFO = NO;
				SDKROOT = iphoneos;
				TARGETED_DEVICE_FAMILY = "1,2";
				VALIDATE_PRODUCT = YES;
			};
			name = Release;
		};
		A6FAE6CD1E767A3500621B83 /* Debug */ = {
			isa = XCBuildConfiguration;
			buildSettings = {
				ASSETCATALOG_COMPILER_APPICON_NAME = AppIcon;
				DEVELOPMENT_TEAM = Y637SH92KM;
				INFOPLIST_FILE = OC_CGContextRef_Demo/Info.plist;
				LD_RUNPATH_SEARCH_PATHS = "$(inherited) @executable_path/Frameworks";
				PRODUCT_BUNDLE_IDENTIFIER = "com.ashimar.OC-CGContextRef-Demo";
				PRODUCT_NAME = "$(TARGET_NAME)";
			};
			name = Debug;
		};
		A6FAE6CE1E767A3500621B83 /* Release */ = {
			isa = XCBuildConfiguration;
			buildSettings = {
				ASSETCATALOG_COMPILER_APPICON_NAME = AppIcon;
				DEVELOPMENT_TEAM = Y637SH92KM;
				INFOPLIST_FILE = OC_CGContextRef_Demo/Info.plist;
				LD_RUNPATH_SEARCH_PATHS = "$(inherited) @executable_path/Frameworks";
				PRODUCT_BUNDLE_IDENTIFIER = "com.ashimar.OC-CGContextRef-Demo";
				PRODUCT_NAME = "$(TARGET_NAME)";
			};
			name = Release;
		};
/* End XCBuildConfiguration section */

/* Begin XCConfigurationList section */
		A6FAE6B01E767A3500621B83 /* Build configuration list for PBXProject "OC_CGContextRef_Demo" */ = {
			isa = XCConfigurationList;
			buildConfigurations = (
				A6FAE6CA1E767A3500621B83 /* Debug */,
				A6FAE6CB1E767A3500621B83 /* Release */,
			);
			defaultConfigurationIsVisible = 0;
			defaultConfigurationName = Release;
		};
		A6FAE6CC1E767A3500621B83 /* Build configuration list for PBXNativeTarget "OC_CGContextRef_Demo" */ = {
			isa = XCConfigurationList;
			buildConfigurations = (
				A6FAE6CD1E767A3500621B83 /* Debug */,
				A6FAE6CE1E767A3500621B83 /* Release */,
			);
			defaultConfigurationIsVisible = 0;
		};
/* End XCConfigurationList section */
	};
	rootObject = A6FAE6AD1E767A3500621B83 /* Project object */;
}
